{
  "name": "hitc-demo-bulk-records",
  "version": "1.0.0",
  "lockfileVersion": 3,
  "requires": true,
  "packages": {
    "": {
      "name": "hitc-demo-bulk-records",
      "version": "1.0.0",
      "devDependencies": {
        "@hitc/netsuite-types": "^2024.2.2",
        "typescript": "^5.6.2"
      }
    },
    "node_modules/@hitc/netsuite-types": {
      "version": "2024.2.2",
      "resolved": "https://registry.npmjs.org/@hitc/netsuite-types/-/netsuite-types-2024.2.2.tgz",
      "integrity": "sha512-/UOvR8i1h53KLVmCxXoi64IGidYQRhyN/2dy/KpmTszj1Z8RQRz3U5OOUgZbf1P7gDLaVvUnztiA6Z73jb7QQw==",
      "dev": true,
      "license": "MIT"
    },
    "node_modules/typescript": {
      "version": "5.6.2",
      "resolved": "https://registry.npmjs.org/typescript/-/typescript-5.6.2.tgz",
      "integrity": "sha512-NW8ByodCSNCwZeghjN3o+JX5OFH0Ojg6sadjEKY4huZ52TqbJTJnDo5+Tw98lSy63NZvi4n+ez5m2u5d4PkZyw==",
      "dev": true,
      "license": "Apache-2.0",
      "bin": {
        "tsc": "bin/tsc",
        "tsserver": "bin/tsserver"
      },
      "engines": {
        "node": ">=14.17"
      }
    }
  }
}
